
Microsoft Visual Studio Solution File, Format Version 12.00
# Visual Studio Version 17
VisualStudioVersion = 17.14.36616.10 d17.14
MinimumVisualStudioVersion = 10.0.40219.1
Project("{FAE04EC0-301F-11D3-BF4B-00C04F79EFBC}") = "Calculator", "Calculator\Calculator.csproj", "{186FED2F-4DC5-4558-86C0-A43B38525B0A}"
EndProject
Global
	GlobalSection(SolutionConfigurationPlatforms) = preSolution
		Debug|Any CPU = Debug|Any CPU
		Release|Any CPU = Release|Any CPU
	EndGlobalSection
	GlobalSection(ProjectConfigurationPlatforms) = postSolution
		{186FED2F-4DC5-4558-86C0-A43B38525B0A}.Debug|Any CPU.ActiveCfg = Debug|Any CPU
		{186FED2F-4DC5-4558-86C0-A43B38525B0A}.Debug|Any CPU.Build.0 = Debug|Any CPU
		{186FED2F-4DC5-4558-86C0-A43B38525B0A}.Release|Any CPU.ActiveCfg = Release|Any CPU
		{186FED2F-4DC5-4558-86C0-A43B38525B0A}.Release|Any CPU.Build.0 = Release|Any CPU
	EndGlobalSection
	GlobalSection(SolutionProperties) = preSolution
		HideSolutionNode = FALSE
	EndGlobalSection
	GlobalSection(ExtensibilityGlobals) = postSolution
		SolutionGuid = {1636B331-66C4-4264-BD47-DBD4C9C62C8A}
	EndGlobalSection
EndGlobal
